// !$*UTF8*$!
{
	archiveVersion = 1;
	classes = {
	};
	objectVersion = 55;
	objects = {

/* Begin PBXBuildFile section */
		1703F58227E376B70077B3AA /* GoogleService-Info-2.plist in Resources */ = {isa = PBXBuildFile; fileRef = 1703F58127E376B70077B3AA /* GoogleService-Info-2.plist */; };
		1704B24927E8E6DD0008FBD7 /* LoginView.swift in Sources */ = {isa = PBXBuildFile; fileRef = 1704B24827E8E6DD0008FBD7 /* LoginView.swift */; };
		1704B24D27E8E83C0008FBD7 /* FirebaseUAMApp.swift in Sources */ = {isa = PBXBuildFile; fileRef = 1704B24C27E8E83C0008FBD7 /* FirebaseUAMApp.swift */; };
		1704B25227E8EB910008FBD7 /* InputTextFieldView.swift in Sources */ = {isa = PBXBuildFile; fileRef = 1704B25127E8EB910008FBD7 /* InputTextFieldView.swift */; };
		1704B25527EA2B200008FBD7 /* PreviewLayoutComponentModifier.swift in Sources */ = {isa = PBXBuildFile; fileRef = 1704B25427EA2B200008FBD7 /* PreviewLayoutComponentModifier.swift */; };
		1704B25727EA37ED0008FBD7 /* InputPasswordView.swift in Sources */ = {isa = PBXBuildFile; fileRef = 1704B25627EA37ED0008FBD7 /* InputPasswordView.swift */; };
		17988D5A27E82B230028BEA0 /* Pods_fastingApp.framework in Frameworks */ = {isa = PBXBuildFile; fileRef = FE5F7D23E9923A0467174CBB /* Pods_fastingApp.framework */; };
		17988D5B27E82B230028BEA0 /* Pods_fastingApp.framework in Embed Frameworks */ = {isa = PBXBuildFile; fileRef = FE5F7D23E9923A0467174CBB /* Pods_fastingApp.framework */; settings = {ATTRIBUTES = (CodeSignOnCopy, RemoveHeadersOnCopy, ); }; };
		486E171A27D067CB001B2106 /* fastingAppApp.swift in Sources */ = {isa = PBXBuildFile; fileRef = 486E171927D067CB001B2106 /* fastingAppApp.swift */; };
		486E171C27D067CB001B2106 /* ContentView.swift in Sources */ = {isa = PBXBuildFile; fileRef = 486E171B27D067CB001B2106 /* ContentView.swift */; };
		486E171E27D067CD001B2106 /* Assets.xcassets in Resources */ = {isa = PBXBuildFile; fileRef = 486E171D27D067CD001B2106 /* Assets.xcassets */; };
		486E172127D067CD001B2106 /* Preview Assets.xcassets in Resources */ = {isa = PBXBuildFile; fileRef = 486E172027D067CD001B2106 /* Preview Assets.xcassets */; };
/* End PBXBuildFile section */

/* Begin PBXCopyFilesBuildPhase section */
		17988D5C27E82B230028BEA0 /* Embed Frameworks */ = {
			isa = PBXCopyFilesBuildPhase;
			buildActionMask = 2147483647;
			dstPath = "";
			dstSubfolderSpec = 10;
			files = (
				17988D5B27E82B230028BEA0 /* Pods_fastingApp.framework in Embed Frameworks */,
			);
			name = "Embed Frameworks";
			runOnlyForDeploymentPostprocessing = 0;
		};
/* End PBXCopyFilesBuildPhase section */

/* Begin PBXFileReference section */
		1703F58127E376B70077B3AA /* GoogleService-Info-2.plist */ = {isa = PBXFileReference; fileEncoding = 4; lastKnownFileType = text.plist.xml; path = "GoogleService-Info-2.plist"; sourceTree = "<group>"; };
		1704B24827E8E6DD0008FBD7 /* LoginView.swift */ = {isa = PBXFileReference; lastKnownFileType = sourcecode.swift; path = LoginView.swift; sourceTree = "<group>"; };
		1704B24C27E8E83C0008FBD7 /* FirebaseUAMApp.swift */ = {isa = PBXFileReference; lastKnownFileType = sourcecode.swift; path = FirebaseUAMApp.swift; sourceTree = "<group>"; };
		1704B25127E8EB910008FBD7 /* InputTextFieldView.swift */ = {isa = PBXFileReference; lastKnownFileType = sourcecode.swift; path = InputTextFieldView.swift; sourceTree = "<group>"; };
		1704B25427EA2B200008FBD7 /* PreviewLayoutComponentModifier.swift */ = {isa = PBXFileReference; lastKnownFileType = sourcecode.swift; path = PreviewLayoutComponentModifier.swift; sourceTree = "<group>"; };
		1704B25627EA37ED0008FBD7 /* InputPasswordView.swift */ = {isa = PBXFileReference; lastKnownFileType = sourcecode.swift; path = InputPasswordView.swift; sourceTree = "<group>"; };
		172D549A27E4E03300F5240F /* Info.plist */ = {isa = PBXFileReference; lastKnownFileType = text.plist; path = Info.plist; sourceTree = "<group>"; };
		17988D4227E8256A0028BEA0 /* FirebaseStorage.framework */ = {isa = PBXFileReference; explicitFileType = wrapper.framework; path = FirebaseStorage.framework; sourceTree = BUILT_PRODUCTS_DIR; };
		17988D4B27E828F10028BEA0 /* FirebaseAuth.framework */ = {isa = PBXFileReference; explicitFileType = wrapper.framework; path = FirebaseAuth.framework; sourceTree = BUILT_PRODUCTS_DIR; };
		17988D5F27E82CF00028BEA0 /* FirebaseAuth.framework */ = {isa = PBXFileReference; explicitFileType = wrapper.framework; path = FirebaseAuth.framework; sourceTree = BUILT_PRODUCTS_DIR; };
		486E171627D067CB001B2106 /* fastingApp.app */ = {isa = PBXFileReference; explicitFileType = wrapper.application; includeInIndex = 0; path = fastingApp.app; sourceTree = BUILT_PRODUCTS_DIR; };
		486E171927D067CB001B2106 /* fastingAppApp.swift */ = {isa = PBXFileReference; lastKnownFileType = sourcecode.swift; path = fastingAppApp.swift; sourceTree = "<group>"; };
		486E171B27D067CB001B2106 /* ContentView.swift */ = {isa = PBXFileReference; lastKnownFileType = sourcecode.swift; path = ContentView.swift; sourceTree = "<group>"; };
		486E171D27D067CD001B2106 /* Assets.xcassets */ = {isa = PBXFileReference; lastKnownFileType = folder.assetcatalog; path = Assets.xcassets; sourceTree = "<group>"; };
		486E172027D067CD001B2106 /* Preview Assets.xcassets */ = {isa = PBXFileReference; lastKnownFileType = folder.assetcatalog; path = "Preview Assets.xcassets"; sourceTree = "<group>"; };
		9243D0BF388862631B9ED71A /* Pods-fastingApp.release.xcconfig */ = {isa = PBXFileReference; includeInIndex = 1; lastKnownFileType = text.xcconfig; name = "Pods-fastingApp.release.xcconfig"; path = "Target Support Files/Pods-fastingApp/Pods-fastingApp.release.xcconfig"; sourceTree = "<group>"; };
		A2DC9927466F0F5B66F2AC8A /* Pods-fastingApp.debug.xcconfig */ = {isa = PBXFileReference; includeInIndex = 1; lastKnownFileType = text.xcconfig; name = "Pods-fastingApp.debug.xcconfig"; path = "Target Support Files/Pods-fastingApp/Pods-fastingApp.debug.xcconfig"; sourceTree = "<group>"; };
		FE5F7D23E9923A0467174CBB /* Pods_fastingApp.framework */ = {isa = PBXFileReference; explicitFileType = wrapper.framework; includeInIndex = 0; path = Pods_fastingApp.framework; sourceTree = BUILT_PRODUCTS_DIR; };
/* End PBXFileReference section */

/* Begin PBXFrameworksBuildPhase section */
		486E171327D067CB001B2106 /* Frameworks */ = {
			isa = PBXFrameworksBuildPhase;
			buildActionMask = 2147483647;
			files = (
				17988D5A27E82B230028BEA0 /* Pods_fastingApp.framework in Frameworks */,
			);
			runOnlyForDeploymentPostprocessing = 0;
		};
/* End PBXFrameworksBuildPhase section */

/* Begin PBXGroup section */
		06B4555BF3CBD4FCBFFC9269 /* Pods */ = {
			isa = PBXGroup;
			children = (
				A2DC9927466F0F5B66F2AC8A /* Pods-fastingApp.debug.xcconfig */,
				9243D0BF388862631B9ED71A /* Pods-fastingApp.release.xcconfig */,
			);
			path = Pods;
			sourceTree = "<group>";
		};
		1703F57C27E1C2150077B3AA /* View */ = {
			isa = PBXGroup;
			children = (
			);
			path = View;
			sourceTree = "<group>";
		};
		1704B24427E8E6920008FBD7 /* Feature */ = {
			isa = PBXGroup;
			children = (
				1704B24527E8E6A20008FBD7 /* Login */,
			);
			path = Feature;
			sourceTree = "<group>";
		};
		1704B24527E8E6A20008FBD7 /* Login */ = {
			isa = PBXGroup;
			children = (
				1704B24727E8E6BB0008FBD7 /* View */,
			);
			path = Login;
			sourceTree = "<group>";
		};
		1704B24727E8E6BB0008FBD7 /* View */ = {
			isa = PBXGroup;
			children = (
				1704B24827E8E6DD0008FBD7 /* LoginView.swift */,
			);
			path = View;
			sourceTree = "<group>";
		};
		1704B24E27E8EAD20008FBD7 /* Base */ = {
			isa = PBXGroup;
			children = (
				1704B25327EA2ADE0008FBD7 /* Modifine */,
				1704B25027E8EB620008FBD7 /* Views */,
			);
			path = Base;
			sourceTree = "<group>";
		};
		1704B25027E8EB620008FBD7 /* Views */ = {
			isa = PBXGroup;
			children = (
				1704B25127E8EB910008FBD7 /* InputTextFieldView.swift */,
				1704B25627EA37ED0008FBD7 /* InputPasswordView.swift */,
			);
			path = Views;
			sourceTree = "<group>";
		};
		1704B25327EA2ADE0008FBD7 /* Modifine */ = {
			isa = PBXGroup;
			children = (
				1704B25427EA2B200008FBD7 /* PreviewLayoutComponentModifier.swift */,
			);
			path = Modifine;
			sourceTree = "<group>";
		};
		486E170D27D067CB001B2106 = {
			isa = PBXGroup;
			children = (
				486E171827D067CB001B2106 /* fastingApp */,
				486E171727D067CB001B2106 /* Products */,
				06B4555BF3CBD4FCBFFC9269 /* Pods */,
				AFA16DCA8E2C288A7ADF0CFE /* Frameworks */,
			);
			sourceTree = "<group>";
		};
		486E171727D067CB001B2106 /* Products */ = {
			isa = PBXGroup;
			children = (
				486E171627D067CB001B2106 /* fastingApp.app */,
			);
			name = Products;
			sourceTree = "<group>";
		};
		486E171827D067CB001B2106 /* fastingApp */ = {
			isa = PBXGroup;
			children = (
				1704B24E27E8EAD20008FBD7 /* Base */,
				1704B24427E8E6920008FBD7 /* Feature */,
				172D549A27E4E03300F5240F /* Info.plist */,
				1703F57C27E1C2150077B3AA /* View */,
				486E171927D067CB001B2106 /* fastingAppApp.swift */,
				486E171B27D067CB001B2106 /* ContentView.swift */,
				1704B24C27E8E83C0008FBD7 /* FirebaseUAMApp.swift */,
				1703F58127E376B70077B3AA /* GoogleService-Info-2.plist */,
				486E171D27D067CD001B2106 /* Assets.xcassets */,
				486E171F27D067CD001B2106 /* Preview Content */,
			);
			path = fastingApp;
			sourceTree = "<group>";
		};
		486E171F27D067CD001B2106 /* Preview Content */ = {
			isa = PBXGroup;
			children = (
				486E172027D067CD001B2106 /* Preview Assets.xcassets */,
			);
			path = "Preview Content";
			sourceTree = "<group>";
		};
		AFA16DCA8E2C288A7ADF0CFE /* Frameworks */ = {
			isa = PBXGroup;
			children = (
				17988D5F27E82CF00028BEA0 /* FirebaseAuth.framework */,
				17988D4B27E828F10028BEA0 /* FirebaseAuth.framework */,
				17988D4227E8256A0028BEA0 /* FirebaseStorage.framework */,
				FE5F7D23E9923A0467174CBB /* Pods_fastingApp.framework */,
			);
			name = Frameworks;
			sourceTree = "<group>";
		};
/* End PBXGroup section */

/* Begin PBXNativeTarget section */
		486E171527D067CB001B2106 /* fastingApp */ = {
			isa = PBXNativeTarget;
			buildConfigurationList = 486E172427D067CD001B2106 /* Build configuration list for PBXNativeTarget "fastingApp" */;
			buildPhases = (
				BECC7A03BF7F771CB61BFE3A /* [CP] Check Pods Manifest.lock */,
				486E171227D067CB001B2106 /* Sources */,
				486E171327D067CB001B2106 /* Frameworks */,
				486E171427D067CB001B2106 /* Resources */,
				FF05EB37CD8DDDAA91ADA275 /* [CP] Embed Pods Frameworks */,
				17988D5C27E82B230028BEA0 /* Embed Frameworks */,
			);
			buildRules = (
			);
			dependencies = (
			);
			name = fastingApp;
			packageProductDependencies = (
			);
			productName = fastingApp;
			productReference = 486E171627D067CB001B2106 /* fastingApp.app */;
			productType = "com.apple.product-type.application";
		};
/* End PBXNativeTarget section */

/* Begin PBXProject section */
		486E170E27D067CB001B2106 /* Project object */ = {
			isa = PBXProject;
			attributes = {
				BuildIndependentTargetsInParallel = 1;
				LastSwiftUpdateCheck = 1320;
				LastUpgradeCheck = 1320;
				TargetAttributes = {
					486E171527D067CB001B2106 = {
						CreatedOnToolsVersion = 13.2.1;
					};
				};
			};
			buildConfigurationList = 486E171127D067CB001B2106 /* Build configuration list for PBXProject "fastingApp" */;
			compatibilityVersion = "Xcode 13.0";
			developmentRegion = en;
			hasScannedForEncodings = 0;
			knownRegions = (
				en,
				Base,
			);
			mainGroup = 486E170D27D067CB001B2106;
			packageReferences = (
				172D549027E4D06600F5240F /* XCRemoteSwiftPackageReference "firebase-ios-sdk" */,
			);
			productRefGroup = 486E171727D067CB001B2106 /* Products */;
			projectDirPath = "";
			projectRoot = "";
			targets = (
				486E171527D067CB001B2106 /* fastingApp */,
			);
		};
/* End PBXProject section */

/* Begin PBXResourcesBuildPhase section */
		486E171427D067CB001B2106 /* Resources */ = {
			isa = PBXResourcesBuildPhase;
			buildActionMask = 2147483647;
			files = (
				486E172127D067CD001B2106 /* Preview Assets.xcassets in Resources */,
				486E171E27D067CD001B2106 /* Assets.xcassets in Resources */,
				1703F58227E376B70077B3AA /* GoogleService-Info-2.plist in Resources */,
			);
			runOnlyForDeploymentPostprocessing = 0;
		};
/* End PBXResourcesBuildPhase section */

/* Begin PBXShellScriptBuildPhase section */
		BECC7A03BF7F771CB61BFE3A /* [CP] Check Pods Manifest.lock */ = {
			isa = PBXShellScriptBuildPhase;
			buildActionMask = 2147483647;
			files = (
			);
			inputFileListPaths = (
			);
			inputPaths = (
				"${PODS_PODFILE_DIR_PATH}/Podfile.lock",
				"${PODS_ROOT}/Manifest.lock",
			);
			name = "[CP] Check Pods Manifest.lock";
			outputFileListPaths = (
			);
			outputPaths = (
				"$(DERIVED_FILE_DIR)/Pods-fastingApp-checkManifestLockResult.txt",
			);
			runOnlyForDeploymentPostprocessing = 0;
			shellPath = /bin/sh;
			shellScript = "diff \"${PODS_PODFILE_DIR_PATH}/Podfile.lock\" \"${PODS_ROOT}/Manifest.lock\" > /dev/null\nif [ $? != 0 ] ; then\n    # print error to STDERR\n    echo \"error: The sandbox is not in sync with the Podfile.lock. Run 'pod install' or update your CocoaPods installation.\" >&2\n    exit 1\nfi\n# This output is used by Xcode 'outputs' to avoid re-running this script phase.\necho \"SUCCESS\" > \"${SCRIPT_OUTPUT_FILE_0}\"\n";
			showEnvVarsInLog = 0;
		};
		FF05EB37CD8DDDAA91ADA275 /* [CP] Embed Pods Frameworks */ = {
			isa = PBXShellScriptBuildPhase;
			buildActionMask = 2147483647;
			files = (
			);
			inputFileListPaths = (
				"${PODS_ROOT}/Target Support Files/Pods-fastingApp/Pods-fastingApp-frameworks-${CONFIGURATION}-input-files.xcfilelist",
			);
			name = "[CP] Embed Pods Frameworks";
			outputFileListPaths = (
				"${PODS_ROOT}/Target Support Files/Pods-fastingApp/Pods-fastingApp-frameworks-${CONFIGURATION}-output-files.xcfilelist",
			);
			runOnlyForDeploymentPostprocessing = 0;
			shellPath = /bin/sh;
			shellScript = "\"${PODS_ROOT}/Target Support Files/Pods-fastingApp/Pods-fastingApp-frameworks.sh\"\n";
			showEnvVarsInLog = 0;
		};
/* End PBXShellScriptBuildPhase section */

/* Begin PBXSourcesBuildPhase section */
		486E171227D067CB001B2106 /* Sources */ = {
			isa = PBXSourcesBuildPhase;
			buildActionMask = 2147483647;
			files = (
				1704B24D27E8E83C0008FBD7 /* FirebaseUAMApp.swift in Sources */,
				1704B24927E8E6DD0008FBD7 /* LoginView.swift in Sources */,
				1704B25227E8EB910008FBD7 /* InputTextFieldView.swift in Sources */,
				1704B25527EA2B200008FBD7 /* PreviewLayoutComponentModifier.swift in Sources */,
				486E171C27D067CB001B2106 /* ContentView.swift in Sources */,
				1704B25727EA37ED0008FBD7 /* InputPasswordView.swift in Sources */,
				486E171A27D067CB001B2106 /* fastingAppApp.swift in Sources */,
			);
			runOnlyForDeploymentPostprocessing = 0;
		};
/* End PBXSourcesBuildPhase section */

/* Begin XCBuildConfiguration section */
		486E172227D067CD001B2106 /* Debug */ = {
			isa = XCBuildConfiguration;
			buildSettings = {
				ALWAYS_SEARCH_USER_PATHS = NO;
				CLANG_ANALYZER_NONNULL = YES;
				CLANG_ANALYZER_NUMBER_OBJECT_CONVERSION = YES_AGGRESSIVE;
				CLANG_CXX_LANGUAGE_STANDARD = "gnu++17";
				CLANG_CXX_LIBRARY = "libc++";
				CLANG_ENABLE_MODULES = YES;
				CLANG_ENABLE_OBJC_ARC = YES;
				CLANG_ENABLE_OBJC_WEAK = YES;
				CLANG_WARN_BLOCK_CAPTURE_AUTORELEASING = YES;
				CLANG_WARN_BOOL_CONVERSION = YES;
				CLANG_WARN_COMMA = YES;
				CLANG_WARN_CONSTANT_CONVERSION = YES;
				CLANG_WARN_DEPRECATED_OBJC_IMPLEMENTATIONS = YES;
				CLANG_WARN_DIRECT_OBJC_ISA_USAGE = YES_ERROR;
				CLANG_WARN_DOCUMENTATION_COMMENTS = YES;
				CLANG_WARN_EMPTY_BODY = YES;
				CLANG_WARN_ENUM_CONVERSION = YES;
				CLANG_WARN_INFINITE_RECURSION = YES;
				CLANG_WARN_INT_CONVERSION = YES;
				CLANG_WARN_NON_LITERAL_NULL_CONVERSION = YES;
				CLANG_WARN_OBJC_IMPLICIT_RETAIN_SELF = YES;
				CLANG_WARN_OBJC_LITERAL_CONVERSION = YES;
				CLANG_WARN_OBJC_ROOT_CLASS = YES_ERROR;
				CLANG_WARN_QUOTED_INCLUDE_IN_FRAMEWORK_HEADER = YES;
				CLANG_WARN_RANGE_LOOP_ANALYSIS = YES;
				CLANG_WARN_STRICT_PROTOTYPES = YES;
				CLANG_WARN_SUSPICIOUS_MOVE = YES;
				CLANG_WARN_UNGUARDED_AVAILABILITY = YES_AGGRESSIVE;
				CLANG_WARN_UNREACHABLE_CODE = YES;
				CLANG_WARN__DUPLICATE_METHOD_MATCH = YES;
				COPY_PHASE_STRIP = NO;
				DEBUG_INFORMATION_FORMAT = dwarf;
				ENABLE_STRICT_OBJC_MSGSEND = YES;
				ENABLE_TESTABILITY = YES;
				GCC_C_LANGUAGE_STANDARD = gnu11;
				GCC_DYNAMIC_NO_PIC = NO;
				GCC_NO_COMMON_BLOCKS = YES;
				GCC_OPTIMIZATION_LEVEL = 0;
				GCC_PREPROCESSOR_DEFINITIONS = (
					"DEBUG=1",
					"$(inherited)",
				);
				GCC_WARN_64_TO_32_BIT_CONVERSION = YES;
				GCC_WARN_ABOUT_RETURN_TYPE = YES_ERROR;
				GCC_WARN_UNDECLARED_SELECTOR = YES;
				GCC_WARN_UNINITIALIZED_AUTOS = YES_AGGRESSIVE;
				GCC_WARN_UNUSED_FUNCTION = YES;
				GCC_WARN_UNUSED_VARIABLE = YES;
				IPHONEOS_DEPLOYMENT_TARGET = 15.2;
				MTL_ENABLE_DEBUG_INFO = INCLUDE_SOURCE;
				MTL_FAST_MATH = YES;
				ONLY_ACTIVE_ARCH = YES;
				SDKROOT = iphoneos;
				SWIFT_ACTIVE_COMPILATION_CONDITIONS = DEBUG;
				SWIFT_OPTIMIZATION_LEVEL = "-Onone";
			};
			name = Debug;
		};
		486E172327D067CD001B2106 /* Release */ = {
			isa = XCBuildConfiguration;
			buildSettings = {
				ALWAYS_SEARCH_USER_PATHS = NO;
				CLANG_ANALYZER_NONNULL = YES;
				CLANG_ANALYZER_NUMBER_OBJECT_CONVERSION = YES_AGGRESSIVE;
				CLANG_CXX_LANGUAGE_STANDARD = "gnu++17";
				CLANG_CXX_LIBRARY = "libc++";
				CLANG_ENABLE_MODULES = YES;
				CLANG_ENABLE_OBJC_ARC = YES;
				CLANG_ENABLE_OBJC_WEAK = YES;
				CLANG_WARN_BLOCK_CAPTURE_AUTORELEASING = YES;
				CLANG_WARN_BOOL_CONVERSION = YES;
				CLANG_WARN_COMMA = YES;
				CLANG_WARN_CONSTANT_CONVERSION = YES;
				CLANG_WARN_DEPRECATED_OBJC_IMPLEMENTATIONS = YES;
				CLANG_WARN_DIRECT_OBJC_ISA_USAGE = YES_ERROR;
				CLANG_WARN_DOCUMENTATION_COMMENTS = YES;
				CLANG_WARN_EMPTY_BODY = YES;
				CLANG_WARN_ENUM_CONVERSION = YES;
				CLANG_WARN_INFINITE_RECURSION = YES;
				CLANG_WARN_INT_CONVERSION = YES;
				CLANG_WARN_NON_LITERAL_NULL_CONVERSION = YES;
				CLANG_WARN_OBJC_IMPLICIT_RETAIN_SELF = YES;
				CLANG_WARN_OBJC_LITERAL_CONVERSION = YES;
				CLANG_WARN_OBJC_ROOT_CLASS = YES_ERROR;
				CLANG_WARN_QUOTED_INCLUDE_IN_FRAMEWORK_HEADER = YES;
				CLANG_WARN_RANGE_LOOP_ANALYSIS = YES;
				CLANG_WARN_STRICT_PROTOTYPES = YES;
				CLANG_WARN_SUSPICIOUS_MOVE = YES;
				CLANG_WARN_UNGUARDED_AVAILABILITY = YES_AGGRESSIVE;
				CLANG_WARN_UNREACHABLE_CODE = YES;
				CLANG_WARN__DUPLICATE_METHOD_MATCH = YES;
				COPY_PHASE_STRIP = NO;
				DEBUG_INFORMATION_FORMAT = "dwarf-with-dsym";
				ENABLE_NS_ASSERTIONS = NO;
				ENABLE_STRICT_OBJC_MSGSEND = YES;
				GCC_C_LANGUAGE_STANDARD = gnu11;
				GCC_NO_COMMON_BLOCKS = YES;
				GCC_WARN_64_TO_32_BIT_CONVERSION = YES;
				GCC_WARN_ABOUT_RETURN_TYPE = YES_ERROR;
				GCC_WARN_UNDECLARED_SELECTOR = YES;
				GCC_WARN_UNINITIALIZED_AUTOS = YES_AGGRESSIVE;
				GCC_WARN_UNUSED_FUNCTION = YES;
				GCC_WARN_UNUSED_VARIABLE = YES;
				IPHONEOS_DEPLOYMENT_TARGET = 15.2;
				MTL_ENABLE_DEBUG_INFO = NO;
				MTL_FAST_MATH = YES;
				SDKROOT = iphoneos;
				SWIFT_COMPILATION_MODE = wholemodule;
				SWIFT_OPTIMIZATION_LEVEL = "-O";
				VALIDATE_PRODUCT = YES;
			};
			name = Release;
		};
		486E172527D067CD001B2106 /* Debug */ = {
			isa = XCBuildConfiguration;
			baseConfigurationReference = A2DC9927466F0F5B66F2AC8A /* Pods-fastingApp.debug.xcconfig */;
			buildSettings = {
				ASSETCATALOG_COMPILER_APPICON_NAME = AppIcon;
				ASSETCATALOG_COMPILER_GLOBAL_ACCENT_COLOR_NAME = AccentColor;
				CODE_SIGN_STYLE = Automatic;
				CURRENT_PROJECT_VERSION = 1;
				DEVELOPMENT_ASSET_PATHS = "\"fastingApp/Preview Content\"";
				DEVELOPMENT_TEAM = MFUV2GQ954;
				ENABLE_PREVIEWS = YES;
				GENERATE_INFOPLIST_FILE = YES;
				INFOPLIST_FILE = fastingApp/Info.plist;
				INFOPLIST_KEY_NSFaceIDUsageDescription = "";
				INFOPLIST_KEY_UIApplicationSceneManifest_Generation = YES;
				INFOPLIST_KEY_UIApplicationSupportsIndirectInputEvents = YES;
				INFOPLIST_KEY_UILaunchScreen_Generation = YES;
				INFOPLIST_KEY_UISupportedInterfaceOrientations_iPad = "UIInterfaceOrientationPortrait UIInterfaceOrientationPortraitUpsideDown UIInterfaceOrientationLandscapeLeft UIInterfaceOrientationLandscapeRight";
				INFOPLIST_KEY_UISupportedInterfaceOrientations_iPhone = "UIInterfaceOrientationPortrait UIInterfaceOrientationLandscapeLeft UIInterfaceOrientationLandscapeRight";
				LD_RUNPATH_SEARCH_PATHS = (
					"$(inherited)",
					"@executable_path/Frameworks",
				);
				MARKETING_VERSION = 1.0;
				PRODUCT_BUNDLE_IDENTIFIER = icce.fastingApp;
				PRODUCT_NAME = "$(TARGET_NAME)";
				SWIFT_EMIT_LOC_STRINGS = YES;
				SWIFT_VERSION = 5.0;
				TARGETED_DEVICE_FAMILY = "1,2";
			};
			name = Debug;
		};
		486E172627D067CD001B2106 /* Release */ = {
			isa = XCBuildConfiguration;
			baseConfigurationReference = 9243D0BF388862631B9ED71A /* Pods-fastingApp.release.xcconfig */;
			buildSettings = {
				ASSETCATALOG_COMPILER_APPICON_NAME = AppIcon;
				ASSETCATALOG_COMPILER_GLOBAL_ACCENT_COLOR_NAME = AccentColor;
				CODE_SIGN_STYLE = Automatic;
				CURRENT_PROJECT_VERSION = 1;
				DEVELOPMENT_ASSET_PATHS = "\"fastingApp/Preview Content\"";
				DEVELOPMENT_TEAM = MFUV2GQ954;
				ENABLE_PREVIEWS = YES;
				GENERATE_INFOPLIST_FILE = YES;
				INFOPLIST_FILE = fastingApp/Info.plist;
				INFOPLIST_KEY_NSFaceIDUsageDescription = "";
				INFOPLIST_KEY_UIApplicationSceneManifest_Generation = YES;
				INFOPLIST_KEY_UIApplicationSupportsIndirectInputEvents = YES;
				INFOPLIST_KEY_UILaunchScreen_Generation = YES;
				INFOPLIST_KEY_UISupportedInterfaceOrientations_iPad = "UIInterfaceOrientationPortrait UIInterfaceOrientationPortraitUpsideDown UIInterfaceOrientationLandscapeLeft UIInterfaceOrientationLandscapeRight";
				INFOPLIST_KEY_UISupportedInterfaceOrientations_iPhone = "UIInterfaceOrientationPortrait UIInterfaceOrientationLandscapeLeft UIInterfaceOrientationLandscapeRight";
				LD_RUNPATH_SEARCH_PATHS = (
					"$(inherited)",
					"@executable_path/Frameworks",
				);
				MARKETING_VERSION = 1.0;
				PRODUCT_BUNDLE_IDENTIFIER = icce.fastingApp;
				PRODUCT_NAME = "$(TARGET_NAME)";
				SWIFT_EMIT_LOC_STRINGS = YES;
				SWIFT_VERSION = 5.0;
				TARGETED_DEVICE_FAMILY = "1,2";
			};
			name = Release;
		};
/* End XCBuildConfiguration section */

/* Begin XCConfigurationList section */
		486E171127D067CB001B2106 /* Build configuration list for PBXProject "fastingApp" */ = {
			isa = XCConfigurationList;
			buildConfigurations = (
				486E172227D067CD001B2106 /* Debug */,
				486E172327D067CD001B2106 /* Release */,
			);
			defaultConfigurationIsVisible = 0;
			defaultConfigurationName = Release;
		};
		486E172427D067CD001B2106 /* Build configuration list for PBXNativeTarget "fastingApp" */ = {
			isa = XCConfigurationList;
			buildConfigurations = (
				486E172527D067CD001B2106 /* Debug */,
				486E172627D067CD001B2106 /* Release */,
			);
			defaultConfigurationIsVisible = 0;
			defaultConfigurationName = Release;
		};
/* End XCConfigurationList section */

/* Begin XCRemoteSwiftPackageReference section */
		172D549027E4D06600F5240F /* XCRemoteSwiftPackageReference "firebase-ios-sdk" */ = {
			isa = XCRemoteSwiftPackageReference;
			repositoryURL = "https://github.com/firebase/firebase-ios-sdk.git";
			requirement = {
				kind = upToNextMajorVersion;
				minimumVersion = 8.0.0;
			};
		};
/* End XCRemoteSwiftPackageReference section */
	};
	rootObject = 486E170E27D067CB001B2106 /* Project object */;
}
